
Microsoft Visual Studio Solution File, Format Version 12.00
# Visual Studio Version 17
VisualStudioVersion = 17.3.32901.215
MinimumVisualStudioVersion = 10.0.40219.1
Project("{2150E333-8FDC-42A3-9474-1A3956D46DE8}") = "0 - Apresentação", "0 - Apresentação", "{75BE8DF4-7B71-45F3-AFFD-ADCF81DF2CD3}"
EndProject
Project("{FAE04EC0-301F-11D3-BF4B-00C04F79EFBC}") = "AR.Apresentacao", "AR.Apresentacao\AR.Apresentacao.csproj", "{EAD9A847-FAF9-407F-8B2A-035A13C5179F}"
EndProject
Global
	GlobalSection(SolutionConfigurationPlatforms) = preSolution
		Debug|Any CPU = Debug|Any CPU
		Release|Any CPU = Release|Any CPU
	EndGlobalSection
	GlobalSection(ProjectConfigurationPlatforms) = postSolution
		{EAD9A847-FAF9-407F-8B2A-035A13C5179F}.Debug|Any CPU.ActiveCfg = Debug|Any CPU
		{EAD9A847-FAF9-407F-8B2A-035A13C5179F}.Debug|Any CPU.Build.0 = Debug|Any CPU
		{EAD9A847-FAF9-407F-8B2A-035A13C5179F}.Release|Any CPU.ActiveCfg = Release|Any CPU
		{EAD9A847-FAF9-407F-8B2A-035A13C5179F}.Release|Any CPU.Build.0 = Release|Any CPU
	EndGlobalSection
	GlobalSection(SolutionProperties) = preSolution
		HideSolutionNode = FALSE
	EndGlobalSection
	GlobalSection(NestedProjects) = preSolution
		{EAD9A847-FAF9-407F-8B2A-035A13C5179F} = {75BE8DF4-7B71-45F3-AFFD-ADCF81DF2CD3}
	EndGlobalSection
	GlobalSection(ExtensibilityGlobals) = postSolution
		SolutionGuid = {14893F6C-13B9-42F3-BABE-40A8D3361341}
	EndGlobalSection
EndGlobal
